# This file is automatically @generated by Poetry 2.1.3 and should not be changed by hand.

[[package]]
name = "micropython-rp2-pico-stubs"
version = "1.20.0.post5"
description = "MicroPython stubs"
optional = false
python-versions = ">=3.8,<4.0"
groups = ["main"]
files = [
    {file = "micropython_rp2_pico_stubs-1.20.0.post5-py3-none-any.whl", hash = "sha256:57d64f3db9d1d2e1150983c4c719ea521644367283072146b06dcd15d783dfc1"},
    {file = "micropython_rp2_pico_stubs-1.20.0.post5.tar.gz", hash = "sha256:aba78deb37e696b30744201da7435daa8363e24834750a8bb711b60c843391e8"},
]

[package.dependencies]
micropython-stdlib-stubs = ">=1.1.0"

[[package]]
name = "micropython-stdlib-stubs"
version = "1.25.0"
description = "Micropython stdlib is a reduced and augmented copy of typeshed's stdlib for use by MicroPython stub packages"
optional = false
python-versions = ">=3.7"
groups = ["main"]
files = [
    {file = "micropython_stdlib_stubs-1.25.0-py3-none-any.whl", hash = "sha256:5b1faecff10f85d1cd812c13e183eb9cd99238f01af7d829995eece4c4450b3f"},
]

[[package]]
name = "pyserial"
version = "3.5"
description = "Python Serial Port Extension"
optional = false
python-versions = "*"
groups = ["main"]
files = [
    {file = "pyserial-3.5-py2.py3-none-any.whl", hash = "sha256:c4451db6ba391ca6ca299fb3ec7bae67a5c55dde170964c7a14ceefec02f2cf0"},
    {file = "pyserial-3.5.tar.gz", hash = "sha256:3c77e014170dfffbd816e6ffc205e9842efb10be9f58ec16d3e8675b4925cddb"},
]

[package.extras]
cp2110 = ["hidapi"]

[metadata]
lock-version = "2.1"
python-versions = ">=3.12,<4.0"
content-hash = "5ec1d39e23de8809242cf7bfd17b0b717d61fd821a65925bccdcf982240cbef4"
